{
	"name": "prettier-tests",
	"lockfileVersion": 3,
	"requires": true,
	"packages": {
		"": {
			"name": "prettier-tests",
			"dependencies": {
				"prettier": "3.3.2"
			}
		},
		"node_modules/prettier": {
			"version": "3.3.2",
			"resolved": "https://registry.npmjs.org/prettier/-/prettier-3.3.2.tgz",
			"integrity": "sha512-rAVeHYMcv8ATV5d508CFdn+8/pHPpXeIid1DdrPwXnaAdH7cqjVbpJaT5eq4yRAFU/lsbwYwSF/n5iNrdJHPQA==",
			"license": "MIT",
			"bin": {
				"prettier": "bin/prettier.cjs"
			},
			"engines": {
				"node": ">=14"
			},
			"funding": {
				"url": "https://github.com/prettier/prettier?sponsor=1"
			}
		}
	}
}
