{
	"name": "prettier-tests",
	"requires": true,
	"lockfileVersion": 1,
	"dependencies": {
		"prettier": {
			"version": "3.1.0",
			"resolved": "https://registry.npmjs.org/prettier/-/prettier-3.1.0.tgz",
			"integrity": "sha512-TQLvXjq5IAibjh8EpBIkNKxO749UEWABoiIZehEPiY4GNpVdhaFKqSTu+QrlU6D2dPAfubRmtJTi4K4YkQ5eXw=="
		}
	}
}
