# This file is automatically @generated by Cargo.
# It is not intended for manual editing.
version = 3

[[package]]
name = "ungrammar"
version = "1.16.1"

[[package]]
name = "ungrammar2json"
version = "1.0.0"
dependencies = [
 "ungrammar",
 "write-json",
]

[[package]]
name = "write-json"
version = "0.1.4"
source = "registry+https://github.com/rust-lang/crates.io-index"
checksum = "23f6174b2566cc4a74f95e1367ec343e7fa80c93cc8087f5c4a3d6a1088b2118"
